
Microsoft Visual Studio Solution File, Format Version 12.00
# Visual Studio Version 17
VisualStudioVersion = 17.10.35122.118
MinimumVisualStudioVersion = 10.0.40219.1
Project("{FAE04EC0-301F-11D3-BF4B-00C04F79EFBC}") = "XamlPearls", "XamlPearls\XamlPearls.csproj", "{7F2BD161-D9ED-4D64-A892-6E52FAF7AF61}"
EndProject
Project("{2150E333-8FDC-42A3-9474-1A3956D46DE8}") = "Samples", "Samples", "{02EA681E-C7D8-13C7-8484-4AC65E1B71E8}"
EndProject
Project("{FAE04EC0-301F-11D3-BF4B-00C04F79EFBC}") = "JustASec_Sample", "JustASec_Sample\JustASec_Sample.csproj", "{E74E0F69-399A-4009-88E0-3BDD3101EA8C}"
EndProject
Project("{FAE04EC0-301F-11D3-BF4B-00C04F79EFBC}") = "FontDialog_Sample", "FontDialog_Sample\FontDialog_Sample.csproj", "{AB05E844-45A9-43F9-B589-6F99D0B567BF}"
EndProject
Project("{FAE04EC0-301F-11D3-BF4B-00C04F79EFBC}") = "RoutedEventTrigger_Sample", "RoutedEventTrigger_Sample\RoutedEventTrigger_Sample.csproj", "{7942A436-67A7-44E9-B980-11AE9FB4FDD0}"
EndProject
Project("{FAE04EC0-301F-11D3-BF4B-00C04F79EFBC}") = "CallMethodAction_Sample", "CallMethodAction_Sample\CallMethodAction_Sample.csproj", "{120D4675-1B8F-46F8-A5A5-5287D122879A}"
EndProject
Project("{FAE04EC0-301F-11D3-BF4B-00C04F79EFBC}") = "BindingProxy_Sample", "BindingProxy_Sample\BindingProxy_Sample.csproj", "{36A265AF-8110-4509-BE55-F2B4A1754C95}"
EndProject
Global
	GlobalSection(SolutionConfigurationPlatforms) = preSolution
		Debug|Any CPU = Debug|Any CPU
		Release|Any CPU = Release|Any CPU
	EndGlobalSection
	GlobalSection(ProjectConfigurationPlatforms) = postSolution
		{7F2BD161-D9ED-4D64-A892-6E52FAF7AF61}.Debug|Any CPU.ActiveCfg = Debug|Any CPU
		{7F2BD161-D9ED-4D64-A892-6E52FAF7AF61}.Debug|Any CPU.Build.0 = Debug|Any CPU
		{7F2BD161-D9ED-4D64-A892-6E52FAF7AF61}.Release|Any CPU.ActiveCfg = Release|Any CPU
		{7F2BD161-D9ED-4D64-A892-6E52FAF7AF61}.Release|Any CPU.Build.0 = Release|Any CPU
		{E74E0F69-399A-4009-88E0-3BDD3101EA8C}.Debug|Any CPU.ActiveCfg = Debug|Any CPU
		{E74E0F69-399A-4009-88E0-3BDD3101EA8C}.Debug|Any CPU.Build.0 = Debug|Any CPU
		{E74E0F69-399A-4009-88E0-3BDD3101EA8C}.Release|Any CPU.ActiveCfg = Release|Any CPU
		{E74E0F69-399A-4009-88E0-3BDD3101EA8C}.Release|Any CPU.Build.0 = Release|Any CPU
		{AB05E844-45A9-43F9-B589-6F99D0B567BF}.Debug|Any CPU.ActiveCfg = Debug|Any CPU
		{AB05E844-45A9-43F9-B589-6F99D0B567BF}.Debug|Any CPU.Build.0 = Debug|Any CPU
		{AB05E844-45A9-43F9-B589-6F99D0B567BF}.Release|Any CPU.ActiveCfg = Release|Any CPU
		{AB05E844-45A9-43F9-B589-6F99D0B567BF}.Release|Any CPU.Build.0 = Release|Any CPU
		{7942A436-67A7-44E9-B980-11AE9FB4FDD0}.Debug|Any CPU.ActiveCfg = Debug|Any CPU
		{7942A436-67A7-44E9-B980-11AE9FB4FDD0}.Debug|Any CPU.Build.0 = Debug|Any CPU
		{7942A436-67A7-44E9-B980-11AE9FB4FDD0}.Release|Any CPU.ActiveCfg = Release|Any CPU
		{7942A436-67A7-44E9-B980-11AE9FB4FDD0}.Release|Any CPU.Build.0 = Release|Any CPU
		{120D4675-1B8F-46F8-A5A5-5287D122879A}.Debug|Any CPU.ActiveCfg = Debug|Any CPU
		{120D4675-1B8F-46F8-A5A5-5287D122879A}.Debug|Any CPU.Build.0 = Debug|Any CPU
		{120D4675-1B8F-46F8-A5A5-5287D122879A}.Release|Any CPU.ActiveCfg = Release|Any CPU
		{120D4675-1B8F-46F8-A5A5-5287D122879A}.Release|Any CPU.Build.0 = Release|Any CPU
		{36A265AF-8110-4509-BE55-F2B4A1754C95}.Debug|Any CPU.ActiveCfg = Debug|Any CPU
		{36A265AF-8110-4509-BE55-F2B4A1754C95}.Debug|Any CPU.Build.0 = Debug|Any CPU
		{36A265AF-8110-4509-BE55-F2B4A1754C95}.Release|Any CPU.ActiveCfg = Release|Any CPU
		{36A265AF-8110-4509-BE55-F2B4A1754C95}.Release|Any CPU.Build.0 = Release|Any CPU
	EndGlobalSection
	GlobalSection(SolutionProperties) = preSolution
		HideSolutionNode = FALSE
	EndGlobalSection
	GlobalSection(NestedProjects) = preSolution
		{E74E0F69-399A-4009-88E0-3BDD3101EA8C} = {02EA681E-C7D8-13C7-8484-4AC65E1B71E8}
		{AB05E844-45A9-43F9-B589-6F99D0B567BF} = {02EA681E-C7D8-13C7-8484-4AC65E1B71E8}
		{7942A436-67A7-44E9-B980-11AE9FB4FDD0} = {02EA681E-C7D8-13C7-8484-4AC65E1B71E8}
		{120D4675-1B8F-46F8-A5A5-5287D122879A} = {02EA681E-C7D8-13C7-8484-4AC65E1B71E8}
		{36A265AF-8110-4509-BE55-F2B4A1754C95} = {02EA681E-C7D8-13C7-8484-4AC65E1B71E8}
	EndGlobalSection
	GlobalSection(ExtensibilityGlobals) = postSolution
		SolutionGuid = {6E525AB3-BDB5-4F0C-BB6D-24A2BC29A634}
	EndGlobalSection
EndGlobal
